{
  "object": {
    "pins": [
      {
        "package": "SwiftProtobuf",
        "repositoryURL": "https://github.com/apple/swift-protobuf.git",
        "state": {
          "branch": null,
          "revision": "e17d61f26df0f0e06f58f6977ba05a097a720106",
          "version": "1.27.1"
        }
      }
    ]
  },
  "version": 1
}
