{
  "object": {
    "pins": [
      {
        "package": "swift-argument-parser",
        "repositoryURL": "https://github.com/apple/swift-argument-parser.git",
        "state": {
          "branch": null,
          "revision": "f6ac7b8118ff5d1bc0faee7f37bf6f8fd8f95602",
          "version": "0.0.1"
        }
      },
      {
        "package": "swift-tools-support-core",
        "repositoryURL": "https://github.com/apple/swift-tools-support-core.git",
        "state": {
          "branch": "master",
          "revision": "fcaa2ce5a852b5355aed5808a6610dc8b6dcf27e",
          "version": null
        }
      }
    ]
  },
  "version": 1
}
