{
  "object": {
    "pins": [
      {
        "package": "swift-argument-parser",
        "repositoryURL": "https://github.com/apple/swift-argument-parser.git",
        "state": {
          "branch": null,
          "revision": "986d191f94cec88f6350056da59c2e59e83d1229",
          "version": "0.4.3"
        }
      },
      {
        "package": "swift-tools-support-core",
        "repositoryURL": "https://github.com/apple/swift-tools-support-core.git",
        "state": {
          "branch": "main",
          "revision": "3b6b97d612b56e25d80d0807f5bc38ea08b7bdf3",
          "version": null
        }
      }
    ]
  },
  "version": 1
}
