{
  "object": {
    "pins": [
      {
        "package": "swift-tools-support-core",
        "repositoryURL": "https://github.com/apple/swift-tools-support-core.git",
        "state": {
          "branch": "master",
          "revision": "fcaa2ce5a852b5355aed5808a6610dc8b6dcf27e",
          "version": null
        }
      }
    ]
  },
  "version": 1
}
